
Microsoft Visual Studio Solution File, Format Version 12.00
# Visual Studio Version 16
VisualStudioVersion = 16.0.29905.134
MinimumVisualStudioVersion = 10.0.40219.1
Project("{9A19103F-16F7-4668-BE54-9A1E7A4F7556}") = "ToDoList", "ToDoList\ToDoList.csproj", "{A47E5056-B702-4291-A20D-C775E2875615}"
EndProject
Project("{FAE04EC0-301F-11D3-BF4B-00C04F79EFBC}") = "ToDoListTests", "ToDoListTests\ToDoListTests.csproj", "{C9301533-B0CA-40DC-9FEF-14541AC2B754}"
EndProject
Global
	GlobalSection(SolutionConfigurationPlatforms) = preSolution
		Debug|Any CPU = Debug|Any CPU
		Release|Any CPU = Release|Any CPU
	EndGlobalSection
	GlobalSection(ProjectConfigurationPlatforms) = postSolution
		{A47E5056-B702-4291-A20D-C775E2875615}.Debug|Any CPU.ActiveCfg = Debug|Any CPU
		{A47E5056-B702-4291-A20D-C775E2875615}.Debug|Any CPU.Build.0 = Debug|Any CPU
		{A47E5056-B702-4291-A20D-C775E2875615}.Release|Any CPU.ActiveCfg = Release|Any CPU
		{A47E5056-B702-4291-A20D-C775E2875615}.Release|Any CPU.Build.0 = Release|Any CPU
		{C9301533-B0CA-40DC-9FEF-14541AC2B754}.Debug|Any CPU.ActiveCfg = Debug|Any CPU
		{C9301533-B0CA-40DC-9FEF-14541AC2B754}.Debug|Any CPU.Build.0 = Debug|Any CPU
		{C9301533-B0CA-40DC-9FEF-14541AC2B754}.Release|Any CPU.ActiveCfg = Release|Any CPU
		{C9301533-B0CA-40DC-9FEF-14541AC2B754}.Release|Any CPU.Build.0 = Release|Any CPU
	EndGlobalSection
	GlobalSection(SolutionProperties) = preSolution
		HideSolutionNode = FALSE
	EndGlobalSection
	GlobalSection(ExtensibilityGlobals) = postSolution
		SolutionGuid = {AFF11A01-6FA1-44BF-B44F-5590D0FBFD50}
	EndGlobalSection
EndGlobal
